
Microsoft Visual Studio Solution File, Format Version 12.00
# Visual Studio Version 16
VisualStudioVersion = 16.0.31019.35
MinimumVisualStudioVersion = 10.0.40219.1
Project("{2150E333-8FDC-42A3-9474-1A3956D46DE8}") = "Android1", "Android1", "{68016892-EB5F-429D-8FF5-D47ADD274AB4}"
EndProject
Project("{39E2626F-3545-4960-A6E8-258AD8476CE5}") = "Android1.Packaging", "Android1\Android1.Packaging\Android1.Packaging.androidproj", "{641E89C0-406D-495A-9766-754B7A4C0A7B}"
EndProject
Project("{8BC9CEB8-8B4A-11D0-8D11-00A0C91BC942}") = "Android1.NativeActivity", "Android1\Android1.NativeActivity\Android1.NativeActivity.vcxproj", "{51370CB7-3D8B-4260-8D3D-9E9A9E7FC68E}"
EndProject
Global
	GlobalSection(SolutionConfigurationPlatforms) = preSolution
		Debug|ARM = Debug|ARM
		Debug|ARM64 = Debug|ARM64
		Debug|x64 = Debug|x64
		Debug|x86 = Debug|x86
		Release|ARM = Release|ARM
		Release|ARM64 = Release|ARM64
		Release|x64 = Release|x64
		Release|x86 = Release|x86
	EndGlobalSection
	GlobalSection(ProjectConfigurationPlatforms) = postSolution
		{641E89C0-406D-495A-9766-754B7A4C0A7B}.Debug|ARM.ActiveCfg = Debug|ARM
		{641E89C0-406D-495A-9766-754B7A4C0A7B}.Debug|ARM.Build.0 = Debug|ARM
		{641E89C0-406D-495A-9766-754B7A4C0A7B}.Debug|ARM.Deploy.0 = Debug|ARM
		{641E89C0-406D-495A-9766-754B7A4C0A7B}.Debug|ARM64.ActiveCfg = Debug|ARM64
		{641E89C0-406D-495A-9766-754B7A4C0A7B}.Debug|ARM64.Build.0 = Debug|ARM64
		{641E89C0-406D-495A-9766-754B7A4C0A7B}.Debug|ARM64.Deploy.0 = Debug|ARM64
		{641E89C0-406D-495A-9766-754B7A4C0A7B}.Debug|x64.ActiveCfg = Debug|x64
		{641E89C0-406D-495A-9766-754B7A4C0A7B}.Debug|x64.Build.0 = Debug|x64
		{641E89C0-406D-495A-9766-754B7A4C0A7B}.Debug|x64.Deploy.0 = Debug|x64
		{641E89C0-406D-495A-9766-754B7A4C0A7B}.Debug|x86.ActiveCfg = Debug|x86
		{641E89C0-406D-495A-9766-754B7A4C0A7B}.Debug|x86.Build.0 = Debug|x86
		{641E89C0-406D-495A-9766-754B7A4C0A7B}.Debug|x86.Deploy.0 = Debug|x86
		{641E89C0-406D-495A-9766-754B7A4C0A7B}.Release|ARM.ActiveCfg = Release|ARM
		{641E89C0-406D-495A-9766-754B7A4C0A7B}.Release|ARM.Build.0 = Release|ARM
		{641E89C0-406D-495A-9766-754B7A4C0A7B}.Release|ARM.Deploy.0 = Release|ARM
		{641E89C0-406D-495A-9766-754B7A4C0A7B}.Release|ARM64.ActiveCfg = Release|ARM64
		{641E89C0-406D-495A-9766-754B7A4C0A7B}.Release|ARM64.Build.0 = Release|ARM64
		{641E89C0-406D-495A-9766-754B7A4C0A7B}.Release|ARM64.Deploy.0 = Release|ARM64
		{641E89C0-406D-495A-9766-754B7A4C0A7B}.Release|x64.ActiveCfg = Release|x64
		{641E89C0-406D-495A-9766-754B7A4C0A7B}.Release|x64.Build.0 = Release|x64
		{641E89C0-406D-495A-9766-754B7A4C0A7B}.Release|x64.Deploy.0 = Release|x64
		{641E89C0-406D-495A-9766-754B7A4C0A7B}.Release|x86.ActiveCfg = Release|x86
		{641E89C0-406D-495A-9766-754B7A4C0A7B}.Release|x86.Build.0 = Release|x86
		{641E89C0-406D-495A-9766-754B7A4C0A7B}.Release|x86.Deploy.0 = Release|x86
		{51370CB7-3D8B-4260-8D3D-9E9A9E7FC68E}.Debug|ARM.ActiveCfg = Debug|ARM
		{51370CB7-3D8B-4260-8D3D-9E9A9E7FC68E}.Debug|ARM.Build.0 = Debug|ARM
		{51370CB7-3D8B-4260-8D3D-9E9A9E7FC68E}.Debug|ARM64.ActiveCfg = Debug|ARM64
		{51370CB7-3D8B-4260-8D3D-9E9A9E7FC68E}.Debug|ARM64.Build.0 = Debug|ARM64
		{51370CB7-3D8B-4260-8D3D-9E9A9E7FC68E}.Debug|x64.ActiveCfg = Debug|x64
		{51370CB7-3D8B-4260-8D3D-9E9A9E7FC68E}.Debug|x64.Build.0 = Debug|x64
		{51370CB7-3D8B-4260-8D3D-9E9A9E7FC68E}.Debug|x86.ActiveCfg = Debug|x86
		{51370CB7-3D8B-4260-8D3D-9E9A9E7FC68E}.Debug|x86.Build.0 = Debug|x86
		{51370CB7-3D8B-4260-8D3D-9E9A9E7FC68E}.Release|ARM.ActiveCfg = Release|ARM
		{51370CB7-3D8B-4260-8D3D-9E9A9E7FC68E}.Release|ARM.Build.0 = Release|ARM
		{51370CB7-3D8B-4260-8D3D-9E9A9E7FC68E}.Release|ARM64.ActiveCfg = Release|ARM64
		{51370CB7-3D8B-4260-8D3D-9E9A9E7FC68E}.Release|ARM64.Build.0 = Release|ARM64
		{51370CB7-3D8B-4260-8D3D-9E9A9E7FC68E}.Release|x64.ActiveCfg = Release|x64
		{51370CB7-3D8B-4260-8D3D-9E9A9E7FC68E}.Release|x64.Build.0 = Release|x64
		{51370CB7-3D8B-4260-8D3D-9E9A9E7FC68E}.Release|x86.ActiveCfg = Release|x86
		{51370CB7-3D8B-4260-8D3D-9E9A9E7FC68E}.Release|x86.Build.0 = Release|x86
	EndGlobalSection
	GlobalSection(SolutionProperties) = preSolution
		HideSolutionNode = FALSE
	EndGlobalSection
	GlobalSection(NestedProjects) = preSolution
		{641E89C0-406D-495A-9766-754B7A4C0A7B} = {68016892-EB5F-429D-8FF5-D47ADD274AB4}
		{51370CB7-3D8B-4260-8D3D-9E9A9E7FC68E} = {68016892-EB5F-429D-8FF5-D47ADD274AB4}
	EndGlobalSection
	GlobalSection(ExtensibilityGlobals) = postSolution
		SolutionGuid = {F46EC663-087F-4519-A031-FBF1BB57B593}
	EndGlobalSection
EndGlobal
